
Microsoft Visual Studio Solution File, Format Version 12.00
# Visual Studio 14
VisualStudioVersion = 14.0.25123.0
MinimumVisualStudioVersion = 10.0.40219.1
Project("{F2A71F9B-5D33-465A-A702-920D77279786}") = "SoccerAnalysis", "src\SoccerAnalysis\SoccerAnalysis.fsproj", "{2E06BA28-B785-4CAE-9748-9E2FA8037AA6}"
EndProject
Project("{F2A71F9B-5D33-465A-A702-920D77279786}") = "TeamMapping", "src\TeamMapping\TeamMapping.fsproj", "{73081479-C2D0-4B59-9A81-01C34E8BBBFF}"
EndProject
Global
	GlobalSection(SolutionConfigurationPlatforms) = preSolution
		Debug|Any CPU = Debug|Any CPU
		Release|Any CPU = Release|Any CPU
	EndGlobalSection
	GlobalSection(ProjectConfigurationPlatforms) = postSolution
		{2E06BA28-B785-4CAE-9748-9E2FA8037AA6}.Debug|Any CPU.ActiveCfg = Debug|Any CPU
		{2E06BA28-B785-4CAE-9748-9E2FA8037AA6}.Debug|Any CPU.Build.0 = Debug|Any CPU
		{2E06BA28-B785-4CAE-9748-9E2FA8037AA6}.Release|Any CPU.ActiveCfg = Release|Any CPU
		{2E06BA28-B785-4CAE-9748-9E2FA8037AA6}.Release|Any CPU.Build.0 = Release|Any CPU
		{73081479-C2D0-4B59-9A81-01C34E8BBBFF}.Debug|Any CPU.ActiveCfg = Debug|Any CPU
		{73081479-C2D0-4B59-9A81-01C34E8BBBFF}.Debug|Any CPU.Build.0 = Debug|Any CPU
		{73081479-C2D0-4B59-9A81-01C34E8BBBFF}.Release|Any CPU.ActiveCfg = Release|Any CPU
		{73081479-C2D0-4B59-9A81-01C34E8BBBFF}.Release|Any CPU.Build.0 = Release|Any CPU
	EndGlobalSection
	GlobalSection(SolutionProperties) = preSolution
		HideSolutionNode = FALSE
	EndGlobalSection
EndGlobal
